
Microsoft Visual Studio Solution File, Format Version 12.00
# Visual Studio Version 17
VisualStudioVersion = 17.10.35027.167
MinimumVisualStudioVersion = 10.0.40219.1
Project("{FAE04EC0-301F-11D3-BF4B-00C04F79EFBC}") = "TesteB3.Api", "TesteB3.Api\TesteB3.Api.csproj", "{35BBA2AB-F158-43FA-A056-E4D1D60FEB37}"
EndProject
Project("{FAE04EC0-301F-11D3-BF4B-00C04F79EFBC}") = "TesteB3.Domain", "TesteB3.Domain\TesteB3.Domain.csproj", "{CF58F619-03FF-44F2-B270-4FFA56318A59}"
EndProject
Project("{FAE04EC0-301F-11D3-BF4B-00C04F79EFBC}") = "TesteB3.Tests", "TesteB3.Tests\TesteB3.Tests.csproj", "{6A97C661-FF1E-406A-B526-193A05099638}"
EndProject
Global
	GlobalSection(SolutionConfigurationPlatforms) = preSolution
		Debug|Any CPU = Debug|Any CPU
		Release|Any CPU = Release|Any CPU
	EndGlobalSection
	GlobalSection(ProjectConfigurationPlatforms) = postSolution
		{35BBA2AB-F158-43FA-A056-E4D1D60FEB37}.Debug|Any CPU.ActiveCfg = Debug|Any CPU
		{35BBA2AB-F158-43FA-A056-E4D1D60FEB37}.Debug|Any CPU.Build.0 = Debug|Any CPU
		{35BBA2AB-F158-43FA-A056-E4D1D60FEB37}.Release|Any CPU.ActiveCfg = Release|Any CPU
		{35BBA2AB-F158-43FA-A056-E4D1D60FEB37}.Release|Any CPU.Build.0 = Release|Any CPU
		{CF58F619-03FF-44F2-B270-4FFA56318A59}.Debug|Any CPU.ActiveCfg = Debug|Any CPU
		{CF58F619-03FF-44F2-B270-4FFA56318A59}.Debug|Any CPU.Build.0 = Debug|Any CPU
		{CF58F619-03FF-44F2-B270-4FFA56318A59}.Release|Any CPU.ActiveCfg = Release|Any CPU
		{CF58F619-03FF-44F2-B270-4FFA56318A59}.Release|Any CPU.Build.0 = Release|Any CPU
		{6A97C661-FF1E-406A-B526-193A05099638}.Debug|Any CPU.ActiveCfg = Debug|Any CPU
		{6A97C661-FF1E-406A-B526-193A05099638}.Debug|Any CPU.Build.0 = Debug|Any CPU
		{6A97C661-FF1E-406A-B526-193A05099638}.Release|Any CPU.ActiveCfg = Release|Any CPU
		{6A97C661-FF1E-406A-B526-193A05099638}.Release|Any CPU.Build.0 = Release|Any CPU
	EndGlobalSection
	GlobalSection(SolutionProperties) = preSolution
		HideSolutionNode = FALSE
	EndGlobalSection
	GlobalSection(ExtensibilityGlobals) = postSolution
		SolutionGuid = {0D02EDD6-6F54-477E-B2F3-0D0343237796}
	EndGlobalSection
EndGlobal
